Microsoft Visual Studio Solution File, Format Version 10.00
# Visual Studio 2008
Project("{8BC9CEB8-8B4A-11D0-8D11-00A0C91BC942}") = "testFAST", "src\FAST\testFAST.vcproj", "{C725D00A-57AE-3172-8C5A-82E85A9575BB}"
EndProject
Project("{8BC9CEB8-8B4A-11D0-8D11-00A0C91BC942}") = "testSurf", "src\surf\testSurf.vcproj", "{BB53060E-C070-3B98-ADB9-6F3A6E64C6D4}"
EndProject
Project("{8BC9CEB8-8B4A-11D0-8D11-00A0C91BC942}") = "testEagleMatch", "src\eagleMatch\testEagleMatch.vcproj", "{9E4800D7-E88F-3CE1-AB7F-9DCF0EA65AF5}"
EndProject
Global
	GlobalSection(SolutionConfigurationPlatforms) = preSolution
		Debug|Win32 = Debug|Win32
		Release|Win32 = Release|Win32
	EndGlobalSection
	GlobalSection(ProjectConfigurationPlatforms) = postSolution
		{C725D00A-57AE-3172-8C5A-82E85A9575BB}.Debug|Win32.ActiveCfg = Debug|Win32
		{C725D00A-57AE-3172-8C5A-82E85A9575BB}.Debug|Win32.Build.0 = Debug|Win32
		{C725D00A-57AE-3172-8C5A-82E85A9575BB}.Release|Win32.ActiveCfg = Release|Win32
		{C725D00A-57AE-3172-8C5A-82E85A9575BB}.Release|Win32.Build.0 = Release|Win32
		{BB53060E-C070-3B98-ADB9-6F3A6E64C6D4}.Debug|Win32.ActiveCfg = Debug|Win32
		{BB53060E-C070-3B98-ADB9-6F3A6E64C6D4}.Debug|Win32.Build.0 = Debug|Win32
		{BB53060E-C070-3B98-ADB9-6F3A6E64C6D4}.Release|Win32.ActiveCfg = Release|Win32
		{BB53060E-C070-3B98-ADB9-6F3A6E64C6D4}.Release|Win32.Build.0 = Release|Win32
		{9E4800D7-E88F-3CE1-AB7F-9DCF0EA65AF5}.Debug|Win32.ActiveCfg = Debug|Win32
		{9E4800D7-E88F-3CE1-AB7F-9DCF0EA65AF5}.Debug|Win32.Build.0 = Debug|Win32
		{9E4800D7-E88F-3CE1-AB7F-9DCF0EA65AF5}.Release|Win32.ActiveCfg = Release|Win32
		{9E4800D7-E88F-3CE1-AB7F-9DCF0EA65AF5}.Release|Win32.Build.0 = Release|Win32
	EndGlobalSection
	GlobalSection(SolutionProperties) = preSolution
		HideSolutionNode = FALSE
	EndGlobalSection
EndGlobal
